
Microsoft Visual Studio Solution File, Format Version 12.00
# Visual Studio Version 17
VisualStudioVersion = 17.8.34330.188
MinimumVisualStudioVersion = 10.0.40219.1
Project("{FAE04EC0-301F-11D3-BF4B-00C04F79EFBC}") = "BParticles", "BParticles.csproj", "{536FB8D8-1416-4633-8EBC-99FDAB6E72E7}"
EndProject
Global
	GlobalSection(SolutionConfigurationPlatforms) = preSolution
		Debug|Any CPU = Debug|Any CPU
		Release|Any CPU = Release|Any CPU
	EndGlobalSection
	GlobalSection(ProjectConfigurationPlatforms) = postSolution
		{536FB8D8-1416-4633-8EBC-99FDAB6E72E7}.Debug|Any CPU.ActiveCfg = Debug|Any CPU
		{536FB8D8-1416-4633-8EBC-99FDAB6E72E7}.Debug|Any CPU.Build.0 = Debug|Any CPU
		{536FB8D8-1416-4633-8EBC-99FDAB6E72E7}.Release|Any CPU.ActiveCfg = Release|Any CPU
		{536FB8D8-1416-4633-8EBC-99FDAB6E72E7}.Release|Any CPU.Build.0 = Release|Any CPU
	EndGlobalSection
	GlobalSection(SolutionProperties) = preSolution
		HideSolutionNode = FALSE
	EndGlobalSection
	GlobalSection(ExtensibilityGlobals) = postSolution
		SolutionGuid = {E0D47C04-4438-4819-82E6-751344F11B47}
	EndGlobalSection
EndGlobal
